
Microsoft Visual Studio Solution File, Format Version 12.00
# Visual Studio Version 17
VisualStudioVersion = 17.14.37216.2
MinimumVisualStudioVersion = 10.0.40219.1
Project("{FAE04EC0-301F-11D3-BF4B-00C04F79EFBC}") = "Caso.Uno.Principal.Front.views", "Caso.Uno.Principal.Front.views\Caso.Uno.Principal.Front.views.csproj", "{166676EF-6029-4050-BAA4-CF0D50CA13EB}"
EndProject
Global
	GlobalSection(SolutionConfigurationPlatforms) = preSolution
		Debug|Any CPU = Debug|Any CPU
		Release|Any CPU = Release|Any CPU
	EndGlobalSection
	GlobalSection(ProjectConfigurationPlatforms) = postSolution
		{166676EF-6029-4050-BAA4-CF0D50CA13EB}.Debug|Any CPU.ActiveCfg = Debug|Any CPU
		{166676EF-6029-4050-BAA4-CF0D50CA13EB}.Debug|Any CPU.Build.0 = Debug|Any CPU
		{166676EF-6029-4050-BAA4-CF0D50CA13EB}.Release|Any CPU.ActiveCfg = Release|Any CPU
		{166676EF-6029-4050-BAA4-CF0D50CA13EB}.Release|Any CPU.Build.0 = Release|Any CPU
	EndGlobalSection
	GlobalSection(SolutionProperties) = preSolution
		HideSolutionNode = FALSE
	EndGlobalSection
	GlobalSection(ExtensibilityGlobals) = postSolution
		SolutionGuid = {EB5DEADC-BD36-4912-AE54-456D53621F4C}
	EndGlobalSection
EndGlobal
